
Microsoft Visual Studio Solution File, Format Version 12.00
# Visual Studio Version 17
VisualStudioVersion = 17.0.31919.166
MinimumVisualStudioVersion = 10.0.40219.1
Project("{FAE04EC0-301F-11D3-BF4B-00C04F79EFBC}") = "GarageApp", "GarageApp\GarageApp.csproj", "{E42D9509-D12A-439C-8860-C811EEDE4EEE}"
EndProject
Global
	GlobalSection(SolutionConfigurationPlatforms) = preSolution
		Debug|Any CPU = Debug|Any CPU
		Release|Any CPU = Release|Any CPU
	EndGlobalSection
	GlobalSection(ProjectConfigurationPlatforms) = postSolution
		{E42D9509-D12A-439C-8860-C811EEDE4EEE}.Debug|Any CPU.ActiveCfg = Debug|Any CPU
		{E42D9509-D12A-439C-8860-C811EEDE4EEE}.Debug|Any CPU.Build.0 = Debug|Any CPU
		{E42D9509-D12A-439C-8860-C811EEDE4EEE}.Release|Any CPU.ActiveCfg = Release|Any CPU
		{E42D9509-D12A-439C-8860-C811EEDE4EEE}.Release|Any CPU.Build.0 = Release|Any CPU
	EndGlobalSection
	GlobalSection(SolutionProperties) = preSolution
		HideSolutionNode = FALSE
	EndGlobalSection
	GlobalSection(ExtensibilityGlobals) = postSolution
		SolutionGuid = {98BA771B-C0BA-40D9-A3BD-86C5CBB3A31B}
	EndGlobalSection
EndGlobal
